// !$*UTF8*$!
{
	archiveVersion = 1;
	classes = {
	};
	objectVersion = 51;
	objects = {

/* Begin PBXBuildFile section */
		54BEB16CD722C1C069FD9D55 /* Pods_NumberMate.framework in Frameworks */ = {isa = PBXBuildFile; fileRef = 74CE86055F5AA01BA95CDB7D /* Pods_NumberMate.framework */; };
		C003BAB12539F2AA009237E5 /* MoneyCell.swift in Sources */ = {isa = PBXBuildFile; fileRef = C003BAB02539F2AA009237E5 /* MoneyCell.swift */; };
		C003BAB5253A3FD4009237E5 /* Payments.swift in Sources */ = {isa = PBXBuildFile; fileRef = C003BAB4253A3FD4009237E5 /* Payments.swift */; };
		C00976EE24AFBF15005C68B0 /* AppDelegate.swift in Sources */ = {isa = PBXBuildFile; fileRef = C00976ED24AFBF15005C68B0 /* AppDelegate.swift */; };
		C00976F024AFBF15005C68B0 /* SceneDelegate.swift in Sources */ = {isa = PBXBuildFile; fileRef = C00976EF24AFBF15005C68B0 /* SceneDelegate.swift */; };
		C00976F524AFBF15005C68B0 /* Main.storyboard in Resources */ = {isa = PBXBuildFile; fileRef = C00976F324AFBF15005C68B0 /* Main.storyboard */; };
		C00976F724AFBF20005C68B0 /* Assets.xcassets in Resources */ = {isa = PBXBuildFile; fileRef = C00976F624AFBF20005C68B0 /* Assets.xcassets */; };
		C00976FA24AFBF20005C68B0 /* LaunchScreen.storyboard in Resources */ = {isa = PBXBuildFile; fileRef = C00976F824AFBF20005C68B0 /* LaunchScreen.storyboard */; };
		C009770224AFE8D5005C68B0 /* GoogleService-Info.plist in Resources */ = {isa = PBXBuildFile; fileRef = C009770124AFE8D5005C68B0 /* GoogleService-Info.plist */; };
		C009770624B0031D005C68B0 /* LeadersViewController.swift in Sources */ = {isa = PBXBuildFile; fileRef = C009770524B0031D005C68B0 /* LeadersViewController.swift */; };
		C009770824B0033C005C68B0 /* GameViewController.swift in Sources */ = {isa = PBXBuildFile; fileRef = C009770724B0033C005C68B0 /* GameViewController.swift */; };
		C009770C24B063D7005C68B0 /* GettingStartedViewController.swift in Sources */ = {isa = PBXBuildFile; fileRef = C009770B24B063D7005C68B0 /* GettingStartedViewController.swift */; };
		C009771224B1B51A005C68B0 /* LeaderCell.swift in Sources */ = {isa = PBXBuildFile; fileRef = C009771124B1B51A005C68B0 /* LeaderCell.swift */; };
		C009771424B1D384005C68B0 /* GuessCell.swift in Sources */ = {isa = PBXBuildFile; fileRef = C009771324B1D384005C68B0 /* GuessCell.swift */; };
		C021B5F025233EF6002AA9EC /* Firedata.swift in Sources */ = {isa = PBXBuildFile; fileRef = C021B5EF25233EF6002AA9EC /* Firedata.swift */; };
		C021B5F225234383002AA9EC /* Function.swift in Sources */ = {isa = PBXBuildFile; fileRef = C021B5F125234383002AA9EC /* Function.swift */; };
		C0244862251E5EA100F8996B /* PlayViewController.swift in Sources */ = {isa = PBXBuildFile; fileRef = C0244861251E5EA100F8996B /* PlayViewController.swift */; };
		C0244864251E784600F8996B /* Advertisements.swift in Sources */ = {isa = PBXBuildFile; fileRef = C0244863251E784500F8996B /* Advertisements.swift */; };
		C0366497251C5F780096AE3C /* Players.swift in Sources */ = {isa = PBXBuildFile; fileRef = C0366496251C5F780096AE3C /* Players.swift */; };
		C0366499251C74460096AE3C /* Guess.swift in Sources */ = {isa = PBXBuildFile; fileRef = C0366498251C74460096AE3C /* Guess.swift */; };
		C036649B251C9F950096AE3C /* SettingsViewController.swift in Sources */ = {isa = PBXBuildFile; fileRef = C036649A251C9F950096AE3C /* SettingsViewController.swift */; };
		C036649D251CA3A80096AE3C /* MonthViewController.swift in Sources */ = {isa = PBXBuildFile; fileRef = C036649C251CA3A70096AE3C /* MonthViewController.swift */; };
		C05AE6AF2529038300FE5604 /* Paypal.swift in Sources */ = {isa = PBXBuildFile; fileRef = C05AE6AE2529038300FE5604 /* Paypal.swift */; };
		C0718E54251AA34C0055B342 /* IntroPageViewController.swift in Sources */ = {isa = PBXBuildFile; fileRef = C0718E53251AA34C0055B342 /* IntroPageViewController.swift */; };
		C0718E56251AA5930055B342 /* PlayIntroViewController.swift in Sources */ = {isa = PBXBuildFile; fileRef = C0718E55251AA5930055B342 /* PlayIntroViewController.swift */; };
		C0718E58251AA5BE0055B342 /* PointsIntroViewController.swift in Sources */ = {isa = PBXBuildFile; fileRef = C0718E57251AA5BE0055B342 /* PointsIntroViewController.swift */; };
		C0718E5A251AA5D80055B342 /* WinIntroViewController.swift in Sources */ = {isa = PBXBuildFile; fileRef = C0718E59251AA5D80055B342 /* WinIntroViewController.swift */; };
		C0AB1E1724C0EBF3008DEF05 /* SignInViewController.swift in Sources */ = {isa = PBXBuildFile; fileRef = C0AB1E1624C0EBF3008DEF05 /* SignInViewController.swift */; };
		C0AB1E1924C0EC64008DEF05 /* SignUpViewController.swift in Sources */ = {isa = PBXBuildFile; fileRef = C0AB1E1824C0EC64008DEF05 /* SignUpViewController.swift */; };
		C0EEF3E92545562300A90FC6 /* GamesCell.swift in Sources */ = {isa = PBXBuildFile; fileRef = C0EEF3E82545562200A90FC6 /* GamesCell.swift */; };
		C0F1076D251144FA000F719F /* ProfileViewController.swift in Sources */ = {isa = PBXBuildFile; fileRef = C0F1076C251144FA000F719F /* ProfileViewController.swift */; };
		C0F28D942537AE6700C44FA3 /* 26182-happy-star.json in Resources */ = {isa = PBXBuildFile; fileRef = C0F28D932537AE6700C44FA3 /* 26182-happy-star.json */; };
		C0F28D972537E2F100C44FA3 /* AddFriendVC.swift in Sources */ = {isa = PBXBuildFile; fileRef = C0F28D962537E2F000C44FA3 /* AddFriendVC.swift */; };
		C0F28D992537E92700C44FA3 /* 1204-car.json in Resources */ = {isa = PBXBuildFile; fileRef = C0F28D982537E92600C44FA3 /* 1204-car.json */; };
/* End PBXBuildFile section */

/* Begin PBXFileReference section */
		3048ADBE6C93D840EEA45F97 /* Pods-NumberMate.debug.xcconfig */ = {isa = PBXFileReference; includeInIndex = 1; lastKnownFileType = text.xcconfig; name = "Pods-NumberMate.debug.xcconfig"; path = "Target Support Files/Pods-NumberMate/Pods-NumberMate.debug.xcconfig"; sourceTree = "<group>"; };
		643DCDDF8A26C0E84BAF917F /* Pods-NumberMate.release.xcconfig */ = {isa = PBXFileReference; includeInIndex = 1; lastKnownFileType = text.xcconfig; name = "Pods-NumberMate.release.xcconfig"; path = "Target Support Files/Pods-NumberMate/Pods-NumberMate.release.xcconfig"; sourceTree = "<group>"; };
		74CE86055F5AA01BA95CDB7D /* Pods_NumberMate.framework */ = {isa = PBXFileReference; explicitFileType = wrapper.framework; includeInIndex = 0; path = Pods_NumberMate.framework; sourceTree = BUILT_PRODUCTS_DIR; };
		C003BAB02539F2AA009237E5 /* MoneyCell.swift */ = {isa = PBXFileReference; lastKnownFileType = sourcecode.swift; path = MoneyCell.swift; sourceTree = "<group>"; };
		C003BAB4253A3FD4009237E5 /* Payments.swift */ = {isa = PBXFileReference; lastKnownFileType = sourcecode.swift; path = Payments.swift; sourceTree = "<group>"; };
		C00976EA24AFBF15005C68B0 /* NumberMate.app */ = {isa = PBXFileReference; explicitFileType = wrapper.application; includeInIndex = 0; path = NumberMate.app; sourceTree = BUILT_PRODUCTS_DIR; };
		C00976ED24AFBF15005C68B0 /* AppDelegate.swift */ = {isa = PBXFileReference; lastKnownFileType = sourcecode.swift; path = AppDelegate.swift; sourceTree = "<group>"; };
		C00976EF24AFBF15005C68B0 /* SceneDelegate.swift */ = {isa = PBXFileReference; lastKnownFileType = sourcecode.swift; path = SceneDelegate.swift; sourceTree = "<group>"; };
		C00976F424AFBF15005C68B0 /* Base */ = {isa = PBXFileReference; lastKnownFileType = file.storyboard; name = Base; path = Base.lproj/Main.storyboard; sourceTree = "<group>"; };
		C00976F624AFBF20005C68B0 /* Assets.xcassets */ = {isa = PBXFileReference; lastKnownFileType = folder.assetcatalog; path = Assets.xcassets; sourceTree = "<group>"; };
		C00976F924AFBF20005C68B0 /* Base */ = {isa = PBXFileReference; lastKnownFileType = file.storyboard; name = Base; path = Base.lproj/LaunchScreen.storyboard; sourceTree = "<group>"; };
		C00976FB24AFBF20005C68B0 /* Info.plist */ = {isa = PBXFileReference; lastKnownFileType = text.plist.xml; path = Info.plist; sourceTree = "<group>"; };
		C009770124AFE8D5005C68B0 /* GoogleService-Info.plist */ = {isa = PBXFileReference; fileEncoding = 4; lastKnownFileType = text.plist.xml; path = "GoogleService-Info.plist"; sourceTree = "<group>"; };
		C009770524B0031D005C68B0 /* LeadersViewController.swift */ = {isa = PBXFileReference; lastKnownFileType = sourcecode.swift; path = LeadersViewController.swift; sourceTree = "<group>"; };
		C009770724B0033C005C68B0 /* GameViewController.swift */ = {isa = PBXFileReference; lastKnownFileType = sourcecode.swift; path = GameViewController.swift; sourceTree = "<group>"; };
		C009770B24B063D7005C68B0 /* GettingStartedViewController.swift */ = {isa = PBXFileReference; lastKnownFileType = sourcecode.swift; path = GettingStartedViewController.swift; sourceTree = "<group>"; };
		C009771124B1B51A005C68B0 /* LeaderCell.swift */ = {isa = PBXFileReference; lastKnownFileType = sourcecode.swift; path = LeaderCell.swift; sourceTree = "<group>"; };
		C009771324B1D384005C68B0 /* GuessCell.swift */ = {isa = PBXFileReference; lastKnownFileType = sourcecode.swift; path = GuessCell.swift; sourceTree = "<group>"; };
		C021B5EF25233EF6002AA9EC /* Firedata.swift */ = {isa = PBXFileReference; lastKnownFileType = sourcecode.swift; path = Firedata.swift; sourceTree = "<group>"; };
		C021B5F125234383002AA9EC /* Function.swift */ = {isa = PBXFileReference; lastKnownFileType = sourcecode.swift; path = Function.swift; sourceTree = "<group>"; };
		C0244861251E5EA100F8996B /* PlayViewController.swift */ = {isa = PBXFileReference; lastKnownFileType = sourcecode.swift; path = PlayViewController.swift; sourceTree = "<group>"; };
		C0244863251E784500F8996B /* Advertisements.swift */ = {isa = PBXFileReference; lastKnownFileType = sourcecode.swift; path = Advertisements.swift; sourceTree = "<group>"; };
		C0366496251C5F780096AE3C /* Players.swift */ = {isa = PBXFileReference; lastKnownFileType = sourcecode.swift; path = Players.swift; sourceTree = "<group>"; };
		C0366498251C74460096AE3C /* Guess.swift */ = {isa = PBXFileReference; lastKnownFileType = sourcecode.swift; path = Guess.swift; sourceTree = "<group>"; };
		C036649A251C9F950096AE3C /* SettingsViewController.swift */ = {isa = PBXFileReference; lastKnownFileType = sourcecode.swift; path = SettingsViewController.swift; sourceTree = "<group>"; };
		C036649C251CA3A70096AE3C /* MonthViewController.swift */ = {isa = PBXFileReference; lastKnownFileType = sourcecode.swift; path = MonthViewController.swift; sourceTree = "<group>"; };
		C05AE6AE2529038300FE5604 /* Paypal.swift */ = {isa = PBXFileReference; lastKnownFileType = sourcecode.swift; path = Paypal.swift; sourceTree = "<group>"; };
		C0718E53251AA34C0055B342 /* IntroPageViewController.swift */ = {isa = PBXFileReference; lastKnownFileType = sourcecode.swift; path = IntroPageViewController.swift; sourceTree = "<group>"; };
		C0718E55251AA5930055B342 /* PlayIntroViewController.swift */ = {isa = PBXFileReference; lastKnownFileType = sourcecode.swift; path = PlayIntroViewController.swift; sourceTree = "<group>"; };
		C0718E57251AA5BE0055B342 /* PointsIntroViewController.swift */ = {isa = PBXFileReference; lastKnownFileType = sourcecode.swift; path = PointsIntroViewController.swift; sourceTree = "<group>"; };
		C0718E59251AA5D80055B342 /* WinIntroViewController.swift */ = {isa = PBXFileReference; lastKnownFileType = sourcecode.swift; path = WinIntroViewController.swift; sourceTree = "<group>"; };
		C0AB1E1624C0EBF3008DEF05 /* SignInViewController.swift */ = {isa = PBXFileReference; lastKnownFileType = sourcecode.swift; path = SignInViewController.swift; sourceTree = "<group>"; };
		C0AB1E1824C0EC64008DEF05 /* SignUpViewController.swift */ = {isa = PBXFileReference; lastKnownFileType = sourcecode.swift; path = SignUpViewController.swift; sourceTree = "<group>"; };
		C0EEF3E82545562200A90FC6 /* GamesCell.swift */ = {isa = PBXFileReference; lastKnownFileType = sourcecode.swift; path = GamesCell.swift; sourceTree = "<group>"; };
		C0F1076C251144FA000F719F /* ProfileViewController.swift */ = {isa = PBXFileReference; lastKnownFileType = sourcecode.swift; path = ProfileViewController.swift; sourceTree = "<group>"; };
		C0F28D932537AE6700C44FA3 /* 26182-happy-star.json */ = {isa = PBXFileReference; fileEncoding = 4; lastKnownFileType = text.json; path = "26182-happy-star.json"; sourceTree = "<group>"; };
		C0F28D962537E2F000C44FA3 /* AddFriendVC.swift */ = {isa = PBXFileReference; lastKnownFileType = sourcecode.swift; path = AddFriendVC.swift; sourceTree = "<group>"; };
		C0F28D982537E92600C44FA3 /* 1204-car.json */ = {isa = PBXFileReference; fileEncoding = 4; lastKnownFileType = text.json; path = "1204-car.json"; sourceTree = "<group>"; };
/* End PBXFileReference section */

/* Begin PBXFrameworksBuildPhase section */
		C00976E724AFBF14005C68B0 /* Frameworks */ = {
			isa = PBXFrameworksBuildPhase;
			buildActionMask = 2147483647;
			files = (
				54BEB16CD722C1C069FD9D55 /* Pods_NumberMate.framework in Frameworks */,
			);
			runOnlyForDeploymentPostprocessing = 0;
		};
/* End PBXFrameworksBuildPhase section */

/* Begin PBXGroup section */
		3AF833078189DD94F496007A /* Pods */ = {
			isa = PBXGroup;
			children = (
				3048ADBE6C93D840EEA45F97 /* Pods-NumberMate.debug.xcconfig */,
				643DCDDF8A26C0E84BAF917F /* Pods-NumberMate.release.xcconfig */,
			);
			path = Pods;
			sourceTree = "<group>";
		};
		3E926BEBBA3E0D7673D47EF9 /* Frameworks */ = {
			isa = PBXGroup;
			children = (
				74CE86055F5AA01BA95CDB7D /* Pods_NumberMate.framework */,
			);
			name = Frameworks;
			sourceTree = "<group>";
		};
		C00976E124AFBF14005C68B0 = {
			isa = PBXGroup;
			children = (
				C00976EC24AFBF15005C68B0 /* NumberMate */,
				C00976EB24AFBF15005C68B0 /* Products */,
				3AF833078189DD94F496007A /* Pods */,
				3E926BEBBA3E0D7673D47EF9 /* Frameworks */,
			);
			sourceTree = "<group>";
		};
		C00976EB24AFBF15005C68B0 /* Products */ = {
			isa = PBXGroup;
			children = (
				C00976EA24AFBF15005C68B0 /* NumberMate.app */,
			);
			name = Products;
			sourceTree = "<group>";
		};
		C00976EC24AFBF15005C68B0 /* NumberMate */ = {
			isa = PBXGroup;
			children = (
				C00976ED24AFBF15005C68B0 /* AppDelegate.swift */,
				C00976EF24AFBF15005C68B0 /* SceneDelegate.swift */,
				C00976F324AFBF15005C68B0 /* Main.storyboard */,
				C00976F624AFBF20005C68B0 /* Assets.xcassets */,
				C0AB1E1B24C0EC96008DEF05 /* Welcome */,
				C0AB1E1A24C0EC71008DEF05 /* Authentication */,
				C0AB1E1F24C0ED47008DEF05 /* PlayerInformation */,
				C0AB1E1D24C0ED09008DEF05 /* Game */,
				C0AB1E1C24C0ECDC008DEF05 /* LeaderBoard */,
				C09C6946252FB1A900647CF7 /* CalendarView */,
				C0F28D952537E28E00C44FA3 /* AddFriend */,
				C0AB1E1E24C0ED26008DEF05 /* Play */,
				C00976F824AFBF20005C68B0 /* LaunchScreen.storyboard */,
				C00976FB24AFBF20005C68B0 /* Info.plist */,
				C009770124AFE8D5005C68B0 /* GoogleService-Info.plist */,
				C021B5EE25233EA7002AA9EC /* CodeFiles */,
				C0F28D922537AE2400C44FA3 /* AnimationFiles */,
			);
			path = NumberMate;
			sourceTree = "<group>";
		};
		C021B5EE25233EA7002AA9EC /* CodeFiles */ = {
			isa = PBXGroup;
			children = (
				C021B5EF25233EF6002AA9EC /* Firedata.swift */,
				C0244863251E784500F8996B /* Advertisements.swift */,
				C05AE6AE2529038300FE5604 /* Paypal.swift */,
				C0366496251C5F780096AE3C /* Players.swift */,
				C0366498251C74460096AE3C /* Guess.swift */,
				C021B5F125234383002AA9EC /* Function.swift */,
				C003BAB4253A3FD4009237E5 /* Payments.swift */,
			);
			path = CodeFiles;
			sourceTree = "<group>";
		};
		C09C6946252FB1A900647CF7 /* CalendarView */ = {
			isa = PBXGroup;
			children = (
				C036649C251CA3A70096AE3C /* MonthViewController.swift */,
				C0EEF3E82545562200A90FC6 /* GamesCell.swift */,
			);
			path = CalendarView;
			sourceTree = "<group>";
		};
		C0AB1E1A24C0EC71008DEF05 /* Authentication */ = {
			isa = PBXGroup;
			children = (
				C0AB1E1624C0EBF3008DEF05 /* SignInViewController.swift */,
				C0AB1E1824C0EC64008DEF05 /* SignUpViewController.swift */,
			);
			path = Authentication;
			sourceTree = "<group>";
		};
		C0AB1E1B24C0EC96008DEF05 /* Welcome */ = {
			isa = PBXGroup;
			children = (
				C009770B24B063D7005C68B0 /* GettingStartedViewController.swift */,
				C0718E53251AA34C0055B342 /* IntroPageViewController.swift */,
				C0718E55251AA5930055B342 /* PlayIntroViewController.swift */,
				C0718E57251AA5BE0055B342 /* PointsIntroViewController.swift */,
				C0718E59251AA5D80055B342 /* WinIntroViewController.swift */,
			);
			path = Welcome;
			sourceTree = "<group>";
		};
		C0AB1E1C24C0ECDC008DEF05 /* LeaderBoard */ = {
			isa = PBXGroup;
			children = (
				C009770524B0031D005C68B0 /* LeadersViewController.swift */,
				C009771124B1B51A005C68B0 /* LeaderCell.swift */,
			);
			path = LeaderBoard;
			sourceTree = "<group>";
		};
		C0AB1E1D24C0ED09008DEF05 /* Game */ = {
			isa = PBXGroup;
			children = (
				C009770724B0033C005C68B0 /* GameViewController.swift */,
				C009771324B1D384005C68B0 /* GuessCell.swift */,
			);
			path = Game;
			sourceTree = "<group>";
		};
		C0AB1E1E24C0ED26008DEF05 /* Play */ = {
			isa = PBXGroup;
			children = (
				C0244861251E5EA100F8996B /* PlayViewController.swift */,
			);
			path = Play;
			sourceTree = "<group>";
		};
		C0AB1E1F24C0ED47008DEF05 /* PlayerInformation */ = {
			isa = PBXGroup;
			children = (
				C0F1076C251144FA000F719F /* ProfileViewController.swift */,
				C036649A251C9F950096AE3C /* SettingsViewController.swift */,
				C003BAB02539F2AA009237E5 /* MoneyCell.swift */,
			);
			path = PlayerInformation;
			sourceTree = "<group>";
		};
		C0F28D922537AE2400C44FA3 /* AnimationFiles */ = {
			isa = PBXGroup;
			children = (
				C0F28D982537E92600C44FA3 /* 1204-car.json */,
				C0F28D932537AE6700C44FA3 /* 26182-happy-star.json */,
			);
			path = AnimationFiles;
			sourceTree = "<group>";
		};
		C0F28D952537E28E00C44FA3 /* AddFriend */ = {
			isa = PBXGroup;
			children = (
				C0F28D962537E2F000C44FA3 /* AddFriendVC.swift */,
			);
			path = AddFriend;
			sourceTree = "<group>";
		};
/* End PBXGroup section */

/* Begin PBXNativeTarget section */
		C00976E924AFBF14005C68B0 /* NumberMate */ = {
			isa = PBXNativeTarget;
			buildConfigurationList = C00976FE24AFBF20005C68B0 /* Build configuration list for PBXNativeTarget "NumberMate" */;
			buildPhases = (
				F38F68E24D65F66136E2BE6E /* [CP] Check Pods Manifest.lock */,
				C00976E624AFBF14005C68B0 /* Sources */,
				C00976E724AFBF14005C68B0 /* Frameworks */,
				C00976E824AFBF14005C68B0 /* Resources */,
				CC8DF9AB83627AD7CDF6A031 /* [CP] Embed Pods Frameworks */,
			);
			buildRules = (
			);
			dependencies = (
			);
			name = NumberMate;
			productName = NumberMate;
			productReference = C00976EA24AFBF15005C68B0 /* NumberMate.app */;
			productType = "com.apple.product-type.application";
		};
/* End PBXNativeTarget section */

/* Begin PBXProject section */
		C00976E224AFBF14005C68B0 /* Project object */ = {
			isa = PBXProject;
			attributes = {
				LastSwiftUpdateCheck = 1130;
				LastUpgradeCheck = 1130;
				ORGANIZATIONNAME = "Dinaol Melak";
				TargetAttributes = {
					C00976E924AFBF14005C68B0 = {
						CreatedOnToolsVersion = 11.3.1;
					};
				};
			};
			buildConfigurationList = C00976E524AFBF14005C68B0 /* Build configuration list for PBXProject "NumberMate" */;
			compatibilityVersion = "Xcode 9.3";
			developmentRegion = en;
			hasScannedForEncodings = 0;
			knownRegions = (
				en,
				Base,
			);
			mainGroup = C00976E124AFBF14005C68B0;
			productRefGroup = C00976EB24AFBF15005C68B0 /* Products */;
			projectDirPath = "";
			projectRoot = "";
			targets = (
				C00976E924AFBF14005C68B0 /* NumberMate */,
			);
		};
/* End PBXProject section */

/* Begin PBXResourcesBuildPhase section */
		C00976E824AFBF14005C68B0 /* Resources */ = {
			isa = PBXResourcesBuildPhase;
			buildActionMask = 2147483647;
			files = (
				C00976FA24AFBF20005C68B0 /* LaunchScreen.storyboard in Resources */,
				C009770224AFE8D5005C68B0 /* GoogleService-Info.plist in Resources */,
				C00976F724AFBF20005C68B0 /* Assets.xcassets in Resources */,
				C0F28D992537E92700C44FA3 /* 1204-car.json in Resources */,
				C0F28D942537AE6700C44FA3 /* 26182-happy-star.json in Resources */,
				C00976F524AFBF15005C68B0 /* Main.storyboard in Resources */,
			);
			runOnlyForDeploymentPostprocessing = 0;
		};
/* End PBXResourcesBuildPhase section */

/* Begin PBXShellScriptBuildPhase section */
		CC8DF9AB83627AD7CDF6A031 /* [CP] Embed Pods Frameworks */ = {
			isa = PBXShellScriptBuildPhase;
			buildActionMask = 2147483647;
			files = (
			);
			inputFileListPaths = (
				"${PODS_ROOT}/Target Support Files/Pods-NumberMate/Pods-NumberMate-frameworks-${CONFIGURATION}-input-files.xcfilelist",
			);
			name = "[CP] Embed Pods Frameworks";
			outputFileListPaths = (
				"${PODS_ROOT}/Target Support Files/Pods-NumberMate/Pods-NumberMate-frameworks-${CONFIGURATION}-output-files.xcfilelist",
			);
			runOnlyForDeploymentPostprocessing = 0;
			shellPath = /bin/sh;
			shellScript = "\"${PODS_ROOT}/Target Support Files/Pods-NumberMate/Pods-NumberMate-frameworks.sh\"\n";
			showEnvVarsInLog = 0;
		};
		F38F68E24D65F66136E2BE6E /* [CP] Check Pods Manifest.lock */ = {
			isa = PBXShellScriptBuildPhase;
			buildActionMask = 2147483647;
			files = (
			);
			inputFileListPaths = (
			);
			inputPaths = (
				"${PODS_PODFILE_DIR_PATH}/Podfile.lock",
				"${PODS_ROOT}/Manifest.lock",
			);
			name = "[CP] Check Pods Manifest.lock";
			outputFileListPaths = (
			);
			outputPaths = (
				"$(DERIVED_FILE_DIR)/Pods-NumberMate-checkManifestLockResult.txt",
			);
			runOnlyForDeploymentPostprocessing = 0;
			shellPath = /bin/sh;
			shellScript = "diff \"${PODS_PODFILE_DIR_PATH}/Podfile.lock\" \"${PODS_ROOT}/Manifest.lock\" > /dev/null\nif [ $? != 0 ] ; then\n    # print error to STDERR\n    echo \"error: The sandbox is not in sync with the Podfile.lock. Run 'pod install' or update your CocoaPods installation.\" >&2\n    exit 1\nfi\n# This output is used by Xcode 'outputs' to avoid re-running this script phase.\necho \"SUCCESS\" > \"${SCRIPT_OUTPUT_FILE_0}\"\n";
			showEnvVarsInLog = 0;
		};
/* End PBXShellScriptBuildPhase section */

/* Begin PBXSourcesBuildPhase section */
		C00976E624AFBF14005C68B0 /* Sources */ = {
			isa = PBXSourcesBuildPhase;
			buildActionMask = 2147483647;
			files = (
				C036649D251CA3A80096AE3C /* MonthViewController.swift in Sources */,
				C0718E5A251AA5D80055B342 /* WinIntroViewController.swift in Sources */,
				C0AB1E1924C0EC64008DEF05 /* SignUpViewController.swift in Sources */,
				C0F28D972537E2F100C44FA3 /* AddFriendVC.swift in Sources */,
				C009771224B1B51A005C68B0 /* LeaderCell.swift in Sources */,
				C00976EE24AFBF15005C68B0 /* AppDelegate.swift in Sources */,
				C003BAB5253A3FD4009237E5 /* Payments.swift in Sources */,
				C0718E54251AA34C0055B342 /* IntroPageViewController.swift in Sources */,
				C036649B251C9F950096AE3C /* SettingsViewController.swift in Sources */,
				C0366499251C74460096AE3C /* Guess.swift in Sources */,
				C0244862251E5EA100F8996B /* PlayViewController.swift in Sources */,
				C009771424B1D384005C68B0 /* GuessCell.swift in Sources */,
				C021B5F025233EF6002AA9EC /* Firedata.swift in Sources */,
				C0F1076D251144FA000F719F /* ProfileViewController.swift in Sources */,
				C05AE6AF2529038300FE5604 /* Paypal.swift in Sources */,
				C0718E56251AA5930055B342 /* PlayIntroViewController.swift in Sources */,
				C0EEF3E92545562300A90FC6 /* GamesCell.swift in Sources */,
				C0718E58251AA5BE0055B342 /* PointsIntroViewController.swift in Sources */,
				C009770624B0031D005C68B0 /* LeadersViewController.swift in Sources */,
				C0366497251C5F780096AE3C /* Players.swift in Sources */,
				C009770C24B063D7005C68B0 /* GettingStartedViewController.swift in Sources */,
				C003BAB12539F2AA009237E5 /* MoneyCell.swift in Sources */,
				C009770824B0033C005C68B0 /* GameViewController.swift in Sources */,
				C0244864251E784600F8996B /* Advertisements.swift in Sources */,
				C0AB1E1724C0EBF3008DEF05 /* SignInViewController.swift in Sources */,
				C00976F024AFBF15005C68B0 /* SceneDelegate.swift in Sources */,
				C021B5F225234383002AA9EC /* Function.swift in Sources */,
			);
			runOnlyForDeploymentPostprocessing = 0;
		};
/* End PBXSourcesBuildPhase section */

/* Begin PBXVariantGroup section */
		C00976F324AFBF15005C68B0 /* Main.storyboard */ = {
			isa = PBXVariantGroup;
			children = (
				C00976F424AFBF15005C68B0 /* Base */,
			);
			name = Main.storyboard;
			sourceTree = "<group>";
		};
		C00976F824AFBF20005C68B0 /* LaunchScreen.storyboard */ = {
			isa = PBXVariantGroup;
			children = (
				C00976F924AFBF20005C68B0 /* Base */,
			);
			name = LaunchScreen.storyboard;
			sourceTree = "<group>";
		};
/* End PBXVariantGroup section */

/* Begin XCBuildConfiguration section */
		C00976FC24AFBF20005C68B0 /* Debug */ = {
			isa = XCBuildConfiguration;
			buildSettings = {
				ALWAYS_SEARCH_USER_PATHS = NO;
				CLANG_ANALYZER_NONNULL = YES;
				CLANG_ANALYZER_NUMBER_OBJECT_CONVERSION = YES_AGGRESSIVE;
				CLANG_CXX_LANGUAGE_STANDARD = "gnu++14";
				CLANG_CXX_LIBRARY = "libc++";
				CLANG_ENABLE_MODULES = YES;
				CLANG_ENABLE_OBJC_ARC = YES;
				CLANG_ENABLE_OBJC_WEAK = YES;
				CLANG_WARN_BLOCK_CAPTURE_AUTORELEASING = YES;
				CLANG_WARN_BOOL_CONVERSION = YES;
				CLANG_WARN_COMMA = YES;
				CLANG_WARN_CONSTANT_CONVERSION = YES;
				CLANG_WARN_DEPRECATED_OBJC_IMPLEMENTATIONS = YES;
				CLANG_WARN_DIRECT_OBJC_ISA_USAGE = YES_ERROR;
				CLANG_WARN_DOCUMENTATION_COMMENTS = YES;
				CLANG_WARN_EMPTY_BODY = YES;
				CLANG_WARN_ENUM_CONVERSION = YES;
				CLANG_WARN_INFINITE_RECURSION = YES;
				CLANG_WARN_INT_CONVERSION = YES;
				CLANG_WARN_NON_LITERAL_NULL_CONVERSION = YES;
				CLANG_WARN_OBJC_IMPLICIT_RETAIN_SELF = YES;
				CLANG_WARN_OBJC_LITERAL_CONVERSION = YES;
				CLANG_WARN_OBJC_ROOT_CLASS = YES_ERROR;
				CLANG_WARN_RANGE_LOOP_ANALYSIS = YES;
				CLANG_WARN_STRICT_PROTOTYPES = YES;
				CLANG_WARN_SUSPICIOUS_MOVE = YES;
				CLANG_WARN_UNGUARDED_AVAILABILITY = YES_AGGRESSIVE;
				CLANG_WARN_UNREACHABLE_CODE = YES;
				CLANG_WARN__DUPLICATE_METHOD_MATCH = YES;
				COPY_PHASE_STRIP = NO;
				DEBUG_INFORMATION_FORMAT = dwarf;
				ENABLE_STRICT_OBJC_MSGSEND = YES;
				ENABLE_TESTABILITY = YES;
				GCC_C_LANGUAGE_STANDARD = gnu11;
				GCC_DYNAMIC_NO_PIC = NO;
				GCC_NO_COMMON_BLOCKS = YES;
				GCC_OPTIMIZATION_LEVEL = 0;
				GCC_PREPROCESSOR_DEFINITIONS = (
					"DEBUG=1",
					"$(inherited)",
				);
				GCC_WARN_64_TO_32_BIT_CONVERSION = YES;
				GCC_WARN_ABOUT_RETURN_TYPE = YES_ERROR;
				GCC_WARN_UNDECLARED_SELECTOR = YES;
				GCC_WARN_UNINITIALIZED_AUTOS = YES_AGGRESSIVE;
				GCC_WARN_UNUSED_FUNCTION = YES;
				GCC_WARN_UNUSED_VARIABLE = YES;
				IPHONEOS_DEPLOYMENT_TARGET = 13.2;
				MTL_ENABLE_DEBUG_INFO = INCLUDE_SOURCE;
				MTL_FAST_MATH = YES;
				ONLY_ACTIVE_ARCH = YES;
				SDKROOT = iphoneos;
				SWIFT_ACTIVE_COMPILATION_CONDITIONS = DEBUG;
				SWIFT_OPTIMIZATION_LEVEL = "-Onone";
			};
			name = Debug;
		};
		C00976FD24AFBF20005C68B0 /* Release */ = {
			isa = XCBuildConfiguration;
			buildSettings = {
				ALWAYS_SEARCH_USER_PATHS = NO;
				CLANG_ANALYZER_NONNULL = YES;
				CLANG_ANALYZER_NUMBER_OBJECT_CONVERSION = YES_AGGRESSIVE;
				CLANG_CXX_LANGUAGE_STANDARD = "gnu++14";
				CLANG_CXX_LIBRARY = "libc++";
				CLANG_ENABLE_MODULES = YES;
				CLANG_ENABLE_OBJC_ARC = YES;
				CLANG_ENABLE_OBJC_WEAK = YES;
				CLANG_WARN_BLOCK_CAPTURE_AUTORELEASING = YES;
				CLANG_WARN_BOOL_CONVERSION = YES;
				CLANG_WARN_COMMA = YES;
				CLANG_WARN_CONSTANT_CONVERSION = YES;
				CLANG_WARN_DEPRECATED_OBJC_IMPLEMENTATIONS = YES;
				CLANG_WARN_DIRECT_OBJC_ISA_USAGE = YES_ERROR;
				CLANG_WARN_DOCUMENTATION_COMMENTS = YES;
				CLANG_WARN_EMPTY_BODY = YES;
				CLANG_WARN_ENUM_CONVERSION = YES;
				CLANG_WARN_INFINITE_RECURSION = YES;
				CLANG_WARN_INT_CONVERSION = YES;
				CLANG_WARN_NON_LITERAL_NULL_CONVERSION = YES;
				CLANG_WARN_OBJC_IMPLICIT_RETAIN_SELF = YES;
				CLANG_WARN_OBJC_LITERAL_CONVERSION = YES;
				CLANG_WARN_OBJC_ROOT_CLASS = YES_ERROR;
				CLANG_WARN_RANGE_LOOP_ANALYSIS = YES;
				CLANG_WARN_STRICT_PROTOTYPES = YES;
				CLANG_WARN_SUSPICIOUS_MOVE = YES;
				CLANG_WARN_UNGUARDED_AVAILABILITY = YES_AGGRESSIVE;
				CLANG_WARN_UNREACHABLE_CODE = YES;
				CLANG_WARN__DUPLICATE_METHOD_MATCH = YES;
				COPY_PHASE_STRIP = NO;
				DEBUG_INFORMATION_FORMAT = "dwarf-with-dsym";
				ENABLE_NS_ASSERTIONS = NO;
				ENABLE_STRICT_OBJC_MSGSEND = YES;
				GCC_C_LANGUAGE_STANDARD = gnu11;
				GCC_NO_COMMON_BLOCKS = YES;
				GCC_WARN_64_TO_32_BIT_CONVERSION = YES;
				GCC_WARN_ABOUT_RETURN_TYPE = YES_ERROR;
				GCC_WARN_UNDECLARED_SELECTOR = YES;
				GCC_WARN_UNINITIALIZED_AUTOS = YES_AGGRESSIVE;
				GCC_WARN_UNUSED_FUNCTION = YES;
				GCC_WARN_UNUSED_VARIABLE = YES;
				IPHONEOS_DEPLOYMENT_TARGET = 13.2;
				MTL_ENABLE_DEBUG_INFO = NO;
				MTL_FAST_MATH = YES;
				SDKROOT = iphoneos;
				SWIFT_COMPILATION_MODE = wholemodule;
				SWIFT_OPTIMIZATION_LEVEL = "-O";
				VALIDATE_PRODUCT = YES;
			};
			name = Release;
		};
		C00976FF24AFBF20005C68B0 /* Debug */ = {
			isa = XCBuildConfiguration;
			baseConfigurationReference = 3048ADBE6C93D840EEA45F97 /* Pods-NumberMate.debug.xcconfig */;
			buildSettings = {
				ASSETCATALOG_COMPILER_APPICON_NAME = AppIcon;
				CODE_SIGN_STYLE = Automatic;
				DEVELOPMENT_TEAM = 8ANT6T3S86;
				INFOPLIST_FILE = NumberMate/Info.plist;
				LD_RUNPATH_SEARCH_PATHS = (
					"$(inherited)",
					"@executable_path/Frameworks",
				);
				PRODUCT_BUNDLE_IDENTIFIER = com.dinaolmelak.NumberMate;
				PRODUCT_NAME = "$(TARGET_NAME)";
				SWIFT_VERSION = 5.0;
				TARGETED_DEVICE_FAMILY = "1,2";
			};
			name = Debug;
		};
		C009770024AFBF20005C68B0 /* Release */ = {
			isa = XCBuildConfiguration;
			baseConfigurationReference = 643DCDDF8A26C0E84BAF917F /* Pods-NumberMate.release.xcconfig */;
			buildSettings = {
				ASSETCATALOG_COMPILER_APPICON_NAME = AppIcon;
				CODE_SIGN_STYLE = Automatic;
				DEVELOPMENT_TEAM = 8ANT6T3S86;
				INFOPLIST_FILE = NumberMate/Info.plist;
				LD_RUNPATH_SEARCH_PATHS = (
					"$(inherited)",
					"@executable_path/Frameworks",
				);
				PRODUCT_BUNDLE_IDENTIFIER = com.dinaolmelak.NumberMate;
				PRODUCT_NAME = "$(TARGET_NAME)";
				SWIFT_VERSION = 5.0;
				TARGETED_DEVICE_FAMILY = "1,2";
			};
			name = Release;
		};
/* End XCBuildConfiguration section */

/* Begin XCConfigurationList section */
		C00976E524AFBF14005C68B0 /* Build configuration list for PBXProject "NumberMate" */ = {
			isa = XCConfigurationList;
			buildConfigurations = (
				C00976FC24AFBF20005C68B0 /* Debug */,
				C00976FD24AFBF20005C68B0 /* Release */,
			);
			defaultConfigurationIsVisible = 0;
			defaultConfigurationName = Release;
		};
		C00976FE24AFBF20005C68B0 /* Build configuration list for PBXNativeTarget "NumberMate" */ = {
			isa = XCConfigurationList;
			buildConfigurations = (
				C00976FF24AFBF20005C68B0 /* Debug */,
				C009770024AFBF20005C68B0 /* Release */,
			);
			defaultConfigurationIsVisible = 0;
			defaultConfigurationName = Release;
		};
/* End XCConfigurationList section */
	};
	rootObject = C00976E224AFBF14005C68B0 /* Project object */;
}
